// !$*UTF8*$!
{
	archiveVersion = 1;
	classes = {
	};
	objectVersion = 56;
	objects = {

/* Begin PBXBuildFile section */
		CF4133A12A8EC0690042D9A5 /* AppDelegate.swift in Sources */ = {isa = PBXBuildFile; fileRef = CF4133A02A8EC0690042D9A5 /* AppDelegate.swift */; };
		CF4133A32A8EC0690042D9A5 /* SceneDelegate.swift in Sources */ = {isa = PBXBuildFile; fileRef = CF4133A22A8EC0690042D9A5 /* SceneDelegate.swift */; };
		CF4133AA2A8EC06A0042D9A5 /* Assets.xcassets in Resources */ = {isa = PBXBuildFile; fileRef = CF4133A92A8EC06A0042D9A5 /* Assets.xcassets */; };
		CF4133AD2A8EC06A0042D9A5 /* LaunchScreen.storyboard in Resources */ = {isa = PBXBuildFile; fileRef = CF4133AB2A8EC06A0042D9A5 /* LaunchScreen.storyboard */; };
		CF4133BD2A8EC22F0042D9A5 /* CharacterCoordinator.swift in Sources */ = {isa = PBXBuildFile; fileRef = CF4133BC2A8EC22F0042D9A5 /* CharacterCoordinator.swift */; };
		CF4133C02A8EC3310042D9A5 /* ICharView.swift in Sources */ = {isa = PBXBuildFile; fileRef = CF4133BF2A8EC3310042D9A5 /* ICharView.swift */; };
		CF4133C42A8EC3790042D9A5 /* BaseCharListCollection.swift in Sources */ = {isa = PBXBuildFile; fileRef = CF4133C32A8EC3790042D9A5 /* BaseCharListCollection.swift */; };
		CF4133C92A8EC3E30042D9A5 /* Character.swift in Sources */ = {isa = PBXBuildFile; fileRef = CF4133C82A8EC3E30042D9A5 /* Character.swift */; };
		CF4133CB2A8EC40D0042D9A5 /* CharDataObject.swift in Sources */ = {isa = PBXBuildFile; fileRef = CF4133CA2A8EC40D0042D9A5 /* CharDataObject.swift */; };
		CF4133CE2A8EC4F70042D9A5 /* CharCell.swift in Sources */ = {isa = PBXBuildFile; fileRef = CF4133CD2A8EC4F70042D9A5 /* CharCell.swift */; };
		CF4133D02A8ECC800042D9A5 /* CharListView.swift in Sources */ = {isa = PBXBuildFile; fileRef = CF4133CF2A8ECC800042D9A5 /* CharListView.swift */; };
		CF4133D22A8ECCCC0042D9A5 /* MockDataObject.swift in Sources */ = {isa = PBXBuildFile; fileRef = CF4133D12A8ECCCC0042D9A5 /* MockDataObject.swift */; };
		CF4133D62A8F5AA00042D9A5 /* DetailedCharView.swift in Sources */ = {isa = PBXBuildFile; fileRef = CF4133D52A8F5AA00042D9A5 /* DetailedCharView.swift */; };
		CF4133D82A8F60C50042D9A5 /* CharView.swift in Sources */ = {isa = PBXBuildFile; fileRef = CF4133D72A8F60C40042D9A5 /* CharView.swift */; };
		CF4133DC2A8F8AC30042D9A5 /* SectionTitle.swift in Sources */ = {isa = PBXBuildFile; fileRef = CF4133DB2A8F8AC30042D9A5 /* SectionTitle.swift */; };
		CF4133DE2A8F8B7D0042D9A5 /* DataObject.swift in Sources */ = {isa = PBXBuildFile; fileRef = CF4133DD2A8F8B7D0042D9A5 /* DataObject.swift */; };
		CF4133E12A8F8CFC0042D9A5 /* InfoCell.swift in Sources */ = {isa = PBXBuildFile; fileRef = CF4133E02A8F8CFC0042D9A5 /* InfoCell.swift */; };
		CF4133E32A8F98120042D9A5 /* BaseDetailedCharCollection.swift in Sources */ = {isa = PBXBuildFile; fileRef = CF4133E22A8F98120042D9A5 /* BaseDetailedCharCollection.swift */; };
		CF4133E62A8F991B0042D9A5 /* BaseCell.swift in Sources */ = {isa = PBXBuildFile; fileRef = CF4133E52A8F991B0042D9A5 /* BaseCell.swift */; };
		CF4133E82A8FA2550042D9A5 /* OriginCell.swift in Sources */ = {isa = PBXBuildFile; fileRef = CF4133E72A8FA2550042D9A5 /* OriginCell.swift */; };
		CF4133EA2A8FA2CC0042D9A5 /* BaseWhiteLabel.swift in Sources */ = {isa = PBXBuildFile; fileRef = CF4133E92A8FA2CC0042D9A5 /* BaseWhiteLabel.swift */; };
		CF4133ED2A8FBA770042D9A5 /* PlanetView.swift in Sources */ = {isa = PBXBuildFile; fileRef = CF4133EC2A8FBA770042D9A5 /* PlanetView.swift */; };
		CF4133EF2A8FBC890042D9A5 /* EpisodeCell.swift in Sources */ = {isa = PBXBuildFile; fileRef = CF4133EE2A8FBC890042D9A5 /* EpisodeCell.swift */; };
		CF4133F32A8FDB020042D9A5 /* Gilroy-Medium.ttf in Resources */ = {isa = PBXBuildFile; fileRef = CF4133F22A8FDB020042D9A5 /* Gilroy-Medium.ttf */; };
		CF4133F92A8FDDB40042D9A5 /* Gilroy-Bold.ttf in Resources */ = {isa = PBXBuildFile; fileRef = CF4133F42A8FDDB30042D9A5 /* Gilroy-Bold.ttf */; };
		CF4133FA2A8FDDB40042D9A5 /* Gilroy-Light.ttf in Resources */ = {isa = PBXBuildFile; fileRef = CF4133F52A8FDDB30042D9A5 /* Gilroy-Light.ttf */; };
		CF4133FB2A8FDDB40042D9A5 /* Gilroy-Heavy.ttf in Resources */ = {isa = PBXBuildFile; fileRef = CF4133F62A8FDDB40042D9A5 /* Gilroy-Heavy.ttf */; };
		CF4133FD2A8FDDB40042D9A5 /* Gilroy-Regular.ttf in Resources */ = {isa = PBXBuildFile; fileRef = CF4133F82A8FDDB40042D9A5 /* Gilroy-Regular.ttf */; };
		CF82AD8A2A8FDF15009E3FDA /* Gilroy-Semibold.ttf in Resources */ = {isa = PBXBuildFile; fileRef = CF82AD892A8FDF15009E3FDA /* Gilroy-Semibold.ttf */; };
		CF82AD8C2A8FDF7E009E3FDA /* R.swift in Sources */ = {isa = PBXBuildFile; fileRef = CF82AD8B2A8FDF7E009E3FDA /* R.swift */; };
		CF82AD8F2A90666F009E3FDA /* CharListPresenter.swift in Sources */ = {isa = PBXBuildFile; fileRef = CF82AD8E2A90666F009E3FDA /* CharListPresenter.swift */; };
		CF82AD912A9066E8009E3FDA /* CharListInteractor.swift in Sources */ = {isa = PBXBuildFile; fileRef = CF82AD902A9066E8009E3FDA /* CharListInteractor.swift */; };
		CF82AD932A906754009E3FDA /* CharListAssembly.swift in Sources */ = {isa = PBXBuildFile; fileRef = CF82AD922A906754009E3FDA /* CharListAssembly.swift */; };
		CF82AD952A9068CF009E3FDA /* CharModulesFactory.swift in Sources */ = {isa = PBXBuildFile; fileRef = CF82AD942A9068CF009E3FDA /* CharModulesFactory.swift */; };
		CF82AD972A90699D009E3FDA /* NetCharacter.swift in Sources */ = {isa = PBXBuildFile; fileRef = CF82AD962A90699D009E3FDA /* NetCharacter.swift */; };
		CF82AD992A906A0A009E3FDA /* NetOrigin.swift in Sources */ = {isa = PBXBuildFile; fileRef = CF82AD982A906A0A009E3FDA /* NetOrigin.swift */; };
		CF82AD9B2A906A67009E3FDA /* CharRequestResult.swift in Sources */ = {isa = PBXBuildFile; fileRef = CF82AD9A2A906A67009E3FDA /* CharRequestResult.swift */; };
		CF82AD9D2A906A9D009E3FDA /* NetMetaInfo.swift in Sources */ = {isa = PBXBuildFile; fileRef = CF82AD9C2A906A9D009E3FDA /* NetMetaInfo.swift */; };
/* End PBXBuildFile section */

/* Begin PBXFileReference section */
		CF41339D2A8EC0690042D9A5 /* RickAndMorty.app */ = {isa = PBXFileReference; explicitFileType = wrapper.application; includeInIndex = 0; path = RickAndMorty.app; sourceTree = BUILT_PRODUCTS_DIR; };
		CF4133A02A8EC0690042D9A5 /* AppDelegate.swift */ = {isa = PBXFileReference; lastKnownFileType = sourcecode.swift; path = AppDelegate.swift; sourceTree = "<group>"; };
		CF4133A22A8EC0690042D9A5 /* SceneDelegate.swift */ = {isa = PBXFileReference; lastKnownFileType = sourcecode.swift; path = SceneDelegate.swift; sourceTree = "<group>"; };
		CF4133A92A8EC06A0042D9A5 /* Assets.xcassets */ = {isa = PBXFileReference; lastKnownFileType = folder.assetcatalog; path = Assets.xcassets; sourceTree = "<group>"; };
		CF4133AC2A8EC06A0042D9A5 /* Base */ = {isa = PBXFileReference; lastKnownFileType = file.storyboard; name = Base; path = Base.lproj/LaunchScreen.storyboard; sourceTree = "<group>"; };
		CF4133AE2A8EC06A0042D9A5 /* Info.plist */ = {isa = PBXFileReference; lastKnownFileType = text.plist.xml; path = Info.plist; sourceTree = "<group>"; };
		CF4133BC2A8EC22F0042D9A5 /* CharacterCoordinator.swift */ = {isa = PBXFileReference; lastKnownFileType = sourcecode.swift; path = CharacterCoordinator.swift; sourceTree = "<group>"; };
		CF4133BF2A8EC3310042D9A5 /* ICharView.swift */ = {isa = PBXFileReference; lastKnownFileType = sourcecode.swift; path = ICharView.swift; sourceTree = "<group>"; };
		CF4133C32A8EC3790042D9A5 /* BaseCharListCollection.swift */ = {isa = PBXFileReference; fileEncoding = 4; lastKnownFileType = sourcecode.swift; path = BaseCharListCollection.swift; sourceTree = "<group>"; };
		CF4133C82A8EC3E30042D9A5 /* Character.swift */ = {isa = PBXFileReference; lastKnownFileType = sourcecode.swift; path = Character.swift; sourceTree = "<group>"; };
		CF4133CA2A8EC40D0042D9A5 /* CharDataObject.swift */ = {isa = PBXFileReference; lastKnownFileType = sourcecode.swift; path = CharDataObject.swift; sourceTree = "<group>"; };
		CF4133CD2A8EC4F70042D9A5 /* CharCell.swift */ = {isa = PBXFileReference; lastKnownFileType = sourcecode.swift; path = CharCell.swift; sourceTree = "<group>"; };
		CF4133CF2A8ECC800042D9A5 /* CharListView.swift */ = {isa = PBXFileReference; lastKnownFileType = sourcecode.swift; path = CharListView.swift; sourceTree = "<group>"; };
		CF4133D12A8ECCCC0042D9A5 /* MockDataObject.swift */ = {isa = PBXFileReference; lastKnownFileType = sourcecode.swift; path = MockDataObject.swift; sourceTree = "<group>"; };
		CF4133D52A8F5AA00042D9A5 /* DetailedCharView.swift */ = {isa = PBXFileReference; lastKnownFileType = sourcecode.swift; path = DetailedCharView.swift; sourceTree = "<group>"; };
		CF4133D72A8F60C40042D9A5 /* CharView.swift */ = {isa = PBXFileReference; lastKnownFileType = sourcecode.swift; path = CharView.swift; sourceTree = "<group>"; };
		CF4133DB2A8F8AC30042D9A5 /* SectionTitle.swift */ = {isa = PBXFileReference; fileEncoding = 4; lastKnownFileType = sourcecode.swift; path = SectionTitle.swift; sourceTree = "<group>"; };
		CF4133DD2A8F8B7D0042D9A5 /* DataObject.swift */ = {isa = PBXFileReference; lastKnownFileType = sourcecode.swift; path = DataObject.swift; sourceTree = "<group>"; };
		CF4133E02A8F8CFC0042D9A5 /* InfoCell.swift */ = {isa = PBXFileReference; lastKnownFileType = sourcecode.swift; path = InfoCell.swift; sourceTree = "<group>"; };
		CF4133E22A8F98120042D9A5 /* BaseDetailedCharCollection.swift */ = {isa = PBXFileReference; lastKnownFileType = sourcecode.swift; path = BaseDetailedCharCollection.swift; sourceTree = "<group>"; };
		CF4133E52A8F991B0042D9A5 /* BaseCell.swift */ = {isa = PBXFileReference; lastKnownFileType = sourcecode.swift; path = BaseCell.swift; sourceTree = "<group>"; };
		CF4133E72A8FA2550042D9A5 /* OriginCell.swift */ = {isa = PBXFileReference; lastKnownFileType = sourcecode.swift; path = OriginCell.swift; sourceTree = "<group>"; };
		CF4133E92A8FA2CC0042D9A5 /* BaseWhiteLabel.swift */ = {isa = PBXFileReference; lastKnownFileType = sourcecode.swift; path = BaseWhiteLabel.swift; sourceTree = "<group>"; };
		CF4133EC2A8FBA770042D9A5 /* PlanetView.swift */ = {isa = PBXFileReference; lastKnownFileType = sourcecode.swift; path = PlanetView.swift; sourceTree = "<group>"; };
		CF4133EE2A8FBC890042D9A5 /* EpisodeCell.swift */ = {isa = PBXFileReference; lastKnownFileType = sourcecode.swift; path = EpisodeCell.swift; sourceTree = "<group>"; };
		CF4133F22A8FDB020042D9A5 /* Gilroy-Medium.ttf */ = {isa = PBXFileReference; lastKnownFileType = file; path = "Gilroy-Medium.ttf"; sourceTree = "<group>"; };
		CF4133F42A8FDDB30042D9A5 /* Gilroy-Bold.ttf */ = {isa = PBXFileReference; lastKnownFileType = file; path = "Gilroy-Bold.ttf"; sourceTree = "<group>"; };
		CF4133F52A8FDDB30042D9A5 /* Gilroy-Light.ttf */ = {isa = PBXFileReference; lastKnownFileType = file; path = "Gilroy-Light.ttf"; sourceTree = "<group>"; };
		CF4133F62A8FDDB40042D9A5 /* Gilroy-Heavy.ttf */ = {isa = PBXFileReference; lastKnownFileType = file; path = "Gilroy-Heavy.ttf"; sourceTree = "<group>"; };
		CF4133F82A8FDDB40042D9A5 /* Gilroy-Regular.ttf */ = {isa = PBXFileReference; lastKnownFileType = file; path = "Gilroy-Regular.ttf"; sourceTree = "<group>"; };
		CF82AD892A8FDF15009E3FDA /* Gilroy-Semibold.ttf */ = {isa = PBXFileReference; lastKnownFileType = file; path = "Gilroy-Semibold.ttf"; sourceTree = "<group>"; };
		CF82AD8B2A8FDF7E009E3FDA /* R.swift */ = {isa = PBXFileReference; lastKnownFileType = sourcecode.swift; path = R.swift; sourceTree = "<group>"; };
		CF82AD8E2A90666F009E3FDA /* CharListPresenter.swift */ = {isa = PBXFileReference; lastKnownFileType = sourcecode.swift; path = CharListPresenter.swift; sourceTree = "<group>"; };
		CF82AD902A9066E8009E3FDA /* CharListInteractor.swift */ = {isa = PBXFileReference; lastKnownFileType = sourcecode.swift; path = CharListInteractor.swift; sourceTree = "<group>"; };
		CF82AD922A906754009E3FDA /* CharListAssembly.swift */ = {isa = PBXFileReference; lastKnownFileType = sourcecode.swift; path = CharListAssembly.swift; sourceTree = "<group>"; };
		CF82AD942A9068CF009E3FDA /* CharModulesFactory.swift */ = {isa = PBXFileReference; lastKnownFileType = sourcecode.swift; path = CharModulesFactory.swift; sourceTree = "<group>"; };
		CF82AD962A90699D009E3FDA /* NetCharacter.swift */ = {isa = PBXFileReference; lastKnownFileType = sourcecode.swift; path = NetCharacter.swift; sourceTree = "<group>"; };
		CF82AD982A906A0A009E3FDA /* NetOrigin.swift */ = {isa = PBXFileReference; lastKnownFileType = sourcecode.swift; path = NetOrigin.swift; sourceTree = "<group>"; };
		CF82AD9A2A906A67009E3FDA /* CharRequestResult.swift */ = {isa = PBXFileReference; lastKnownFileType = sourcecode.swift; path = CharRequestResult.swift; sourceTree = "<group>"; };
		CF82AD9C2A906A9D009E3FDA /* NetMetaInfo.swift */ = {isa = PBXFileReference; lastKnownFileType = sourcecode.swift; path = NetMetaInfo.swift; sourceTree = "<group>"; };
/* End PBXFileReference section */

/* Begin PBXFrameworksBuildPhase section */
		CF41339A2A8EC0690042D9A5 /* Frameworks */ = {
			isa = PBXFrameworksBuildPhase;
			buildActionMask = 2147483647;
			files = (
			);
			runOnlyForDeploymentPostprocessing = 0;
		};
/* End PBXFrameworksBuildPhase section */

/* Begin PBXGroup section */
		CF4133942A8EC0690042D9A5 = {
			isa = PBXGroup;
			children = (
				CF41339F2A8EC0690042D9A5 /* RickAndMorty */,
				CF41339E2A8EC0690042D9A5 /* Products */,
			);
			sourceTree = "<group>";
		};
		CF41339E2A8EC0690042D9A5 /* Products */ = {
			isa = PBXGroup;
			children = (
				CF41339D2A8EC0690042D9A5 /* RickAndMorty.app */,
			);
			name = Products;
			sourceTree = "<group>";
		};
		CF41339F2A8EC0690042D9A5 /* RickAndMorty */ = {
			isa = PBXGroup;
			children = (
				CF4133F02A8FDA960042D9A5 /* Library */,
				CF4133B42A8EC06F0042D9A5 /* Configuration */,
				CF4133B72A8EC08D0042D9A5 /* Resources */,
				CF4133B52A8EC07A0042D9A5 /* Application */,
			);
			path = RickAndMorty;
			sourceTree = "<group>";
		};
		CF4133B42A8EC06F0042D9A5 /* Configuration */ = {
			isa = PBXGroup;
			children = (
				CF4133AE2A8EC06A0042D9A5 /* Info.plist */,
				CF4133A02A8EC0690042D9A5 /* AppDelegate.swift */,
				CF4133A22A8EC0690042D9A5 /* SceneDelegate.swift */,
			);
			path = Configuration;
			sourceTree = "<group>";
		};
		CF4133B52A8EC07A0042D9A5 /* Application */ = {
			isa = PBXGroup;
			children = (
				CF4133C52A8EC3BB0042D9A5 /* Domain */,
				CF4133B62A8EC0820042D9A5 /* UI */,
			);
			path = Application;
			sourceTree = "<group>";
		};
		CF4133B62A8EC0820042D9A5 /* UI */ = {
			isa = PBXGroup;
			children = (
				CF4133B92A8EC20B0042D9A5 /* Components */,
				CF4133B82A8EC1FE0042D9A5 /* Scenaries */,
			);
			path = UI;
			sourceTree = "<group>";
		};
		CF4133B72A8EC08D0042D9A5 /* Resources */ = {
			isa = PBXGroup;
			children = (
				CF4133A92A8EC06A0042D9A5 /* Assets.xcassets */,
				CF4133AB2A8EC06A0042D9A5 /* LaunchScreen.storyboard */,
			);
			path = Resources;
			sourceTree = "<group>";
		};
		CF4133B82A8EC1FE0042D9A5 /* Scenaries */ = {
			isa = PBXGroup;
			children = (
				CF4133BA2A8EC2130042D9A5 /* Characters */,
			);
			path = Scenaries;
			sourceTree = "<group>";
		};
		CF4133B92A8EC20B0042D9A5 /* Components */ = {
			isa = PBXGroup;
			children = (
				CF4133C12A8EC3560042D9A5 /* Base */,
				CF4133C22A8EC35D0042D9A5 /* Complex */,
			);
			path = Components;
			sourceTree = "<group>";
		};
		CF4133BA2A8EC2130042D9A5 /* Characters */ = {
			isa = PBXGroup;
			children = (
				CF82AD942A9068CF009E3FDA /* CharModulesFactory.swift */,
				CF4133BB2A8EC21C0042D9A5 /* Coordinator */,
				CF4133BE2A8EC2D70042D9A5 /* CharList */,
				CF4133D42A8F5A7F0042D9A5 /* DetailedChar */,
			);
			path = Characters;
			sourceTree = "<group>";
		};
		CF4133BB2A8EC21C0042D9A5 /* Coordinator */ = {
			isa = PBXGroup;
			children = (
				CF4133BC2A8EC22F0042D9A5 /* CharacterCoordinator.swift */,
				CF4133BF2A8EC3310042D9A5 /* ICharView.swift */,
			);
			path = Coordinator;
			sourceTree = "<group>";
		};
		CF4133BE2A8EC2D70042D9A5 /* CharList */ = {
			isa = PBXGroup;
			children = (
				CF4133CF2A8ECC800042D9A5 /* CharListView.swift */,
				CF82AD8E2A90666F009E3FDA /* CharListPresenter.swift */,
				CF82AD902A9066E8009E3FDA /* CharListInteractor.swift */,
				CF82AD922A906754009E3FDA /* CharListAssembly.swift */,
			);
			path = CharList;
			sourceTree = "<group>";
		};
		CF4133C12A8EC3560042D9A5 /* Base */ = {
			isa = PBXGroup;
			children = (
				CF4133EB2A8FA3C30042D9A5 /* Labels */,
			);
			path = Base;
			sourceTree = "<group>";
		};
		CF4133C22A8EC35D0042D9A5 /* Complex */ = {
			isa = PBXGroup;
			children = (
				CF4133EC2A8FBA770042D9A5 /* PlanetView.swift */,
				CF4133D32A8ED1A20042D9A5 /* Controllers */,
				CF4133CC2A8EC4C80042D9A5 /* CollectionsItems */,
			);
			path = Complex;
			sourceTree = "<group>";
		};
		CF4133C52A8EC3BB0042D9A5 /* Domain */ = {
			isa = PBXGroup;
			children = (
				CF4133C62A8EC3C20042D9A5 /* Entities */,
			);
			path = Domain;
			sourceTree = "<group>";
		};
		CF4133C62A8EC3C20042D9A5 /* Entities */ = {
			isa = PBXGroup;
			children = (
				CF82AD8D2A8FE445009E3FDA /* NetworkingModels */,
				CF4133C72A8EC3CA0042D9A5 /* DomainModels */,
			);
			path = Entities;
			sourceTree = "<group>";
		};
		CF4133C72A8EC3CA0042D9A5 /* DomainModels */ = {
			isa = PBXGroup;
			children = (
				CF4133C82A8EC3E30042D9A5 /* Character.swift */,
				CF4133CA2A8EC40D0042D9A5 /* CharDataObject.swift */,
				CF4133D12A8ECCCC0042D9A5 /* MockDataObject.swift */,
			);
			path = DomainModels;
			sourceTree = "<group>";
		};
		CF4133CC2A8EC4C80042D9A5 /* CollectionsItems */ = {
			isa = PBXGroup;
			children = (
				CF4133E52A8F991B0042D9A5 /* BaseCell.swift */,
				CF4133CD2A8EC4F70042D9A5 /* CharCell.swift */,
				CF4133E42A8F98C50042D9A5 /* DetailedChar */,
			);
			path = CollectionsItems;
			sourceTree = "<group>";
		};
		CF4133D32A8ED1A20042D9A5 /* Controllers */ = {
			isa = PBXGroup;
			children = (
				CF4133C32A8EC3790042D9A5 /* BaseCharListCollection.swift */,
				CF4133E22A8F98120042D9A5 /* BaseDetailedCharCollection.swift */,
			);
			path = Controllers;
			sourceTree = "<group>";
		};
		CF4133D42A8F5A7F0042D9A5 /* DetailedChar */ = {
			isa = PBXGroup;
			children = (
				CF4133D52A8F5AA00042D9A5 /* DetailedCharView.swift */,
				CF4133DD2A8F8B7D0042D9A5 /* DataObject.swift */,
			);
			path = DetailedChar;
			sourceTree = "<group>";
		};
		CF4133E42A8F98C50042D9A5 /* DetailedChar */ = {
			isa = PBXGroup;
			children = (
				CF4133D72A8F60C40042D9A5 /* CharView.swift */,
				CF4133E02A8F8CFC0042D9A5 /* InfoCell.swift */,
				CF4133E72A8FA2550042D9A5 /* OriginCell.swift */,
				CF4133EE2A8FBC890042D9A5 /* EpisodeCell.swift */,
				CF4133DB2A8F8AC30042D9A5 /* SectionTitle.swift */,
			);
			path = DetailedChar;
			sourceTree = "<group>";
		};
		CF4133EB2A8FA3C30042D9A5 /* Labels */ = {
			isa = PBXGroup;
			children = (
				CF4133E92A8FA2CC0042D9A5 /* BaseWhiteLabel.swift */,
			);
			path = Labels;
			sourceTree = "<group>";
		};
		CF4133F02A8FDA960042D9A5 /* Library */ = {
			isa = PBXGroup;
			children = (
				CF4133F12A8FDAF40042D9A5 /* Fonts */,
				CF82AD8B2A8FDF7E009E3FDA /* R.swift */,
			);
			path = Library;
			sourceTree = "<group>";
		};
		CF4133F12A8FDAF40042D9A5 /* Fonts */ = {
			isa = PBXGroup;
			children = (
				CF82AD892A8FDF15009E3FDA /* Gilroy-Semibold.ttf */,
				CF4133F42A8FDDB30042D9A5 /* Gilroy-Bold.ttf */,
				CF4133F62A8FDDB40042D9A5 /* Gilroy-Heavy.ttf */,
				CF4133F52A8FDDB30042D9A5 /* Gilroy-Light.ttf */,
				CF4133F82A8FDDB40042D9A5 /* Gilroy-Regular.ttf */,
				CF4133F22A8FDB020042D9A5 /* Gilroy-Medium.ttf */,
			);
			path = Fonts;
			sourceTree = "<group>";
		};
		CF82AD8D2A8FE445009E3FDA /* NetworkingModels */ = {
			isa = PBXGroup;
			children = (
				CF82AD982A906A0A009E3FDA /* NetOrigin.swift */,
				CF82AD962A90699D009E3FDA /* NetCharacter.swift */,
				CF82AD9C2A906A9D009E3FDA /* NetMetaInfo.swift */,
				CF82AD9A2A906A67009E3FDA /* CharRequestResult.swift */,
			);
			path = NetworkingModels;
			sourceTree = "<group>";
		};
/* End PBXGroup section */

/* Begin PBXNativeTarget section */
		CF41339C2A8EC0690042D9A5 /* RickAndMorty */ = {
			isa = PBXNativeTarget;
			buildConfigurationList = CF4133B12A8EC06A0042D9A5 /* Build configuration list for PBXNativeTarget "RickAndMorty" */;
			buildPhases = (
				CF4133992A8EC0690042D9A5 /* Sources */,
				CF41339A2A8EC0690042D9A5 /* Frameworks */,
				CF41339B2A8EC0690042D9A5 /* Resources */,
			);
			buildRules = (
			);
			dependencies = (
			);
			name = RickAndMorty;
			productName = RickAndMorty;
			productReference = CF41339D2A8EC0690042D9A5 /* RickAndMorty.app */;
			productType = "com.apple.product-type.application";
		};
/* End PBXNativeTarget section */

/* Begin PBXProject section */
		CF4133952A8EC0690042D9A5 /* Project object */ = {
			isa = PBXProject;
			attributes = {
				BuildIndependentTargetsInParallel = 1;
				LastSwiftUpdateCheck = 1430;
				LastUpgradeCheck = 1430;
				TargetAttributes = {
					CF41339C2A8EC0690042D9A5 = {
						CreatedOnToolsVersion = 14.3;
					};
				};
			};
			buildConfigurationList = CF4133982A8EC0690042D9A5 /* Build configuration list for PBXProject "RickAndMorty" */;
			compatibilityVersion = "Xcode 14.0";
			developmentRegion = en;
			hasScannedForEncodings = 0;
			knownRegions = (
				en,
				Base,
			);
			mainGroup = CF4133942A8EC0690042D9A5;
			productRefGroup = CF41339E2A8EC0690042D9A5 /* Products */;
			projectDirPath = "";
			projectRoot = "";
			targets = (
				CF41339C2A8EC0690042D9A5 /* RickAndMorty */,
			);
		};
/* End PBXProject section */

/* Begin PBXResourcesBuildPhase section */
		CF41339B2A8EC0690042D9A5 /* Resources */ = {
			isa = PBXResourcesBuildPhase;
			buildActionMask = 2147483647;
			files = (
				CF4133FB2A8FDDB40042D9A5 /* Gilroy-Heavy.ttf in Resources */,
				CF82AD8A2A8FDF15009E3FDA /* Gilroy-Semibold.ttf in Resources */,
				CF4133AD2A8EC06A0042D9A5 /* LaunchScreen.storyboard in Resources */,
				CF4133FD2A8FDDB40042D9A5 /* Gilroy-Regular.ttf in Resources */,
				CF4133F32A8FDB020042D9A5 /* Gilroy-Medium.ttf in Resources */,
				CF4133AA2A8EC06A0042D9A5 /* Assets.xcassets in Resources */,
				CF4133FA2A8FDDB40042D9A5 /* Gilroy-Light.ttf in Resources */,
				CF4133F92A8FDDB40042D9A5 /* Gilroy-Bold.ttf in Resources */,
			);
			runOnlyForDeploymentPostprocessing = 0;
		};
/* End PBXResourcesBuildPhase section */

/* Begin PBXSourcesBuildPhase section */
		CF4133992A8EC0690042D9A5 /* Sources */ = {
			isa = PBXSourcesBuildPhase;
			buildActionMask = 2147483647;
			files = (
				CF82AD9D2A906A9D009E3FDA /* NetMetaInfo.swift in Sources */,
				CF82AD952A9068CF009E3FDA /* CharModulesFactory.swift in Sources */,
				CF4133DC2A8F8AC30042D9A5 /* SectionTitle.swift in Sources */,
				CF4133C42A8EC3790042D9A5 /* BaseCharListCollection.swift in Sources */,
				CF4133EF2A8FBC890042D9A5 /* EpisodeCell.swift in Sources */,
				CF4133D82A8F60C50042D9A5 /* CharView.swift in Sources */,
				CF4133E62A8F991B0042D9A5 /* BaseCell.swift in Sources */,
				CF4133E12A8F8CFC0042D9A5 /* InfoCell.swift in Sources */,
				CF4133EA2A8FA2CC0042D9A5 /* BaseWhiteLabel.swift in Sources */,
				CF4133DE2A8F8B7D0042D9A5 /* DataObject.swift in Sources */,
				CF4133D62A8F5AA00042D9A5 /* DetailedCharView.swift in Sources */,
				CF4133C02A8EC3310042D9A5 /* ICharView.swift in Sources */,
				CF82AD8F2A90666F009E3FDA /* CharListPresenter.swift in Sources */,
				CF82AD8C2A8FDF7E009E3FDA /* R.swift in Sources */,
				CF4133CB2A8EC40D0042D9A5 /* CharDataObject.swift in Sources */,
				CF82AD932A906754009E3FDA /* CharListAssembly.swift in Sources */,
				CF4133E82A8FA2550042D9A5 /* OriginCell.swift in Sources */,
				CF4133E32A8F98120042D9A5 /* BaseDetailedCharCollection.swift in Sources */,
				CF4133A12A8EC0690042D9A5 /* AppDelegate.swift in Sources */,
				CF82AD912A9066E8009E3FDA /* CharListInteractor.swift in Sources */,
				CF4133C92A8EC3E30042D9A5 /* Character.swift in Sources */,
				CF4133A32A8EC0690042D9A5 /* SceneDelegate.swift in Sources */,
				CF82AD972A90699D009E3FDA /* NetCharacter.swift in Sources */,
				CF4133BD2A8EC22F0042D9A5 /* CharacterCoordinator.swift in Sources */,
				CF4133D02A8ECC800042D9A5 /* CharListView.swift in Sources */,
				CF82AD9B2A906A67009E3FDA /* CharRequestResult.swift in Sources */,
				CF4133D22A8ECCCC0042D9A5 /* MockDataObject.swift in Sources */,
				CF4133CE2A8EC4F70042D9A5 /* CharCell.swift in Sources */,
				CF4133ED2A8FBA770042D9A5 /* PlanetView.swift in Sources */,
				CF82AD992A906A0A009E3FDA /* NetOrigin.swift in Sources */,
			);
			runOnlyForDeploymentPostprocessing = 0;
		};
/* End PBXSourcesBuildPhase section */

/* Begin PBXVariantGroup section */
		CF4133AB2A8EC06A0042D9A5 /* LaunchScreen.storyboard */ = {
			isa = PBXVariantGroup;
			children = (
				CF4133AC2A8EC06A0042D9A5 /* Base */,
			);
			name = LaunchScreen.storyboard;
			sourceTree = "<group>";
		};
/* End PBXVariantGroup section */

/* Begin XCBuildConfiguration section */
		CF4133AF2A8EC06A0042D9A5 /* Debug */ = {
			isa = XCBuildConfiguration;
			buildSettings = {
				ALWAYS_SEARCH_USER_PATHS = NO;
				CLANG_ANALYZER_NONNULL = YES;
				CLANG_ANALYZER_NUMBER_OBJECT_CONVERSION = YES_AGGRESSIVE;
				CLANG_CXX_LANGUAGE_STANDARD = "gnu++20";
				CLANG_ENABLE_MODULES = YES;
				CLANG_ENABLE_OBJC_ARC = YES;
				CLANG_ENABLE_OBJC_WEAK = YES;
				CLANG_WARN_BLOCK_CAPTURE_AUTORELEASING = YES;
				CLANG_WARN_BOOL_CONVERSION = YES;
				CLANG_WARN_COMMA = YES;
				CLANG_WARN_CONSTANT_CONVERSION = YES;
				CLANG_WARN_DEPRECATED_OBJC_IMPLEMENTATIONS = YES;
				CLANG_WARN_DIRECT_OBJC_ISA_USAGE = YES_ERROR;
				CLANG_WARN_DOCUMENTATION_COMMENTS = YES;
				CLANG_WARN_EMPTY_BODY = YES;
				CLANG_WARN_ENUM_CONVERSION = YES;
				CLANG_WARN_INFINITE_RECURSION = YES;
				CLANG_WARN_INT_CONVERSION = YES;
				CLANG_WARN_NON_LITERAL_NULL_CONVERSION = YES;
				CLANG_WARN_OBJC_IMPLICIT_RETAIN_SELF = YES;
				CLANG_WARN_OBJC_LITERAL_CONVERSION = YES;
				CLANG_WARN_OBJC_ROOT_CLASS = YES_ERROR;
				CLANG_WARN_QUOTED_INCLUDE_IN_FRAMEWORK_HEADER = YES;
				CLANG_WARN_RANGE_LOOP_ANALYSIS = YES;
				CLANG_WARN_STRICT_PROTOTYPES = YES;
				CLANG_WARN_SUSPICIOUS_MOVE = YES;
				CLANG_WARN_UNGUARDED_AVAILABILITY = YES_AGGRESSIVE;
				CLANG_WARN_UNREACHABLE_CODE = YES;
				CLANG_WARN__DUPLICATE_METHOD_MATCH = YES;
				COPY_PHASE_STRIP = NO;
				DEBUG_INFORMATION_FORMAT = dwarf;
				ENABLE_STRICT_OBJC_MSGSEND = YES;
				ENABLE_TESTABILITY = YES;
				GCC_C_LANGUAGE_STANDARD = gnu11;
				GCC_DYNAMIC_NO_PIC = NO;
				GCC_NO_COMMON_BLOCKS = YES;
				GCC_OPTIMIZATION_LEVEL = 0;
				GCC_PREPROCESSOR_DEFINITIONS = (
					"DEBUG=1",
					"$(inherited)",
				);
				GCC_WARN_64_TO_32_BIT_CONVERSION = YES;
				GCC_WARN_ABOUT_RETURN_TYPE = YES_ERROR;
				GCC_WARN_UNDECLARED_SELECTOR = YES;
				GCC_WARN_UNINITIALIZED_AUTOS = YES_AGGRESSIVE;
				GCC_WARN_UNUSED_FUNCTION = YES;
				GCC_WARN_UNUSED_VARIABLE = YES;
				IPHONEOS_DEPLOYMENT_TARGET = 16.4;
				MTL_ENABLE_DEBUG_INFO = INCLUDE_SOURCE;
				MTL_FAST_MATH = YES;
				ONLY_ACTIVE_ARCH = YES;
				SDKROOT = iphoneos;
				SWIFT_ACTIVE_COMPILATION_CONDITIONS = DEBUG;
				SWIFT_OPTIMIZATION_LEVEL = "-Onone";
			};
			name = Debug;
		};
		CF4133B02A8EC06A0042D9A5 /* Release */ = {
			isa = XCBuildConfiguration;
			buildSettings = {
				ALWAYS_SEARCH_USER_PATHS = NO;
				CLANG_ANALYZER_NONNULL = YES;
				CLANG_ANALYZER_NUMBER_OBJECT_CONVERSION = YES_AGGRESSIVE;
				CLANG_CXX_LANGUAGE_STANDARD = "gnu++20";
				CLANG_ENABLE_MODULES = YES;
				CLANG_ENABLE_OBJC_ARC = YES;
				CLANG_ENABLE_OBJC_WEAK = YES;
				CLANG_WARN_BLOCK_CAPTURE_AUTORELEASING = YES;
				CLANG_WARN_BOOL_CONVERSION = YES;
				CLANG_WARN_COMMA = YES;
				CLANG_WARN_CONSTANT_CONVERSION = YES;
				CLANG_WARN_DEPRECATED_OBJC_IMPLEMENTATIONS = YES;
				CLANG_WARN_DIRECT_OBJC_ISA_USAGE = YES_ERROR;
				CLANG_WARN_DOCUMENTATION_COMMENTS = YES;
				CLANG_WARN_EMPTY_BODY = YES;
				CLANG_WARN_ENUM_CONVERSION = YES;
				CLANG_WARN_INFINITE_RECURSION = YES;
				CLANG_WARN_INT_CONVERSION = YES;
				CLANG_WARN_NON_LITERAL_NULL_CONVERSION = YES;
				CLANG_WARN_OBJC_IMPLICIT_RETAIN_SELF = YES;
				CLANG_WARN_OBJC_LITERAL_CONVERSION = YES;
				CLANG_WARN_OBJC_ROOT_CLASS = YES_ERROR;
				CLANG_WARN_QUOTED_INCLUDE_IN_FRAMEWORK_HEADER = YES;
				CLANG_WARN_RANGE_LOOP_ANALYSIS = YES;
				CLANG_WARN_STRICT_PROTOTYPES = YES;
				CLANG_WARN_SUSPICIOUS_MOVE = YES;
				CLANG_WARN_UNGUARDED_AVAILABILITY = YES_AGGRESSIVE;
				CLANG_WARN_UNREACHABLE_CODE = YES;
				CLANG_WARN__DUPLICATE_METHOD_MATCH = YES;
				COPY_PHASE_STRIP = NO;
				DEBUG_INFORMATION_FORMAT = "dwarf-with-dsym";
				ENABLE_NS_ASSERTIONS = NO;
				ENABLE_STRICT_OBJC_MSGSEND = YES;
				GCC_C_LANGUAGE_STANDARD = gnu11;
				GCC_NO_COMMON_BLOCKS = YES;
				GCC_WARN_64_TO_32_BIT_CONVERSION = YES;
				GCC_WARN_ABOUT_RETURN_TYPE = YES_ERROR;
				GCC_WARN_UNDECLARED_SELECTOR = YES;
				GCC_WARN_UNINITIALIZED_AUTOS = YES_AGGRESSIVE;
				GCC_WARN_UNUSED_FUNCTION = YES;
				GCC_WARN_UNUSED_VARIABLE = YES;
				IPHONEOS_DEPLOYMENT_TARGET = 16.4;
				MTL_ENABLE_DEBUG_INFO = NO;
				MTL_FAST_MATH = YES;
				SDKROOT = iphoneos;
				SWIFT_COMPILATION_MODE = wholemodule;
				SWIFT_OPTIMIZATION_LEVEL = "-O";
				VALIDATE_PRODUCT = YES;
			};
			name = Release;
		};
		CF4133B22A8EC06A0042D9A5 /* Debug */ = {
			isa = XCBuildConfiguration;
			buildSettings = {
				ASSETCATALOG_COMPILER_APPICON_NAME = AppIcon;
				ASSETCATALOG_COMPILER_GLOBAL_ACCENT_COLOR_NAME = AccentColor;
				CODE_SIGN_STYLE = Automatic;
				CURRENT_PROJECT_VERSION = 1;
				DEVELOPMENT_TEAM = T6TJTC922S;
				GENERATE_INFOPLIST_FILE = YES;
				INFOPLIST_FILE = RickAndMorty/Configuration/Info.plist;
				INFOPLIST_KEY_UIApplicationSupportsIndirectInputEvents = YES;
				INFOPLIST_KEY_UILaunchStoryboardName = LaunchScreen;
				INFOPLIST_KEY_UISupportedInterfaceOrientations = UIInterfaceOrientationPortrait;
				LD_RUNPATH_SEARCH_PATHS = (
					"$(inherited)",
					"@executable_path/Frameworks",
				);
				MARKETING_VERSION = 1.0;
				PRODUCT_BUNDLE_IDENTIFIER = GYM.RickAndMorty;
				PRODUCT_NAME = "$(TARGET_NAME)";
				SWIFT_EMIT_LOC_STRINGS = YES;
				SWIFT_VERSION = 5.0;
				TARGETED_DEVICE_FAMILY = "1,2";
			};
			name = Debug;
		};
		CF4133B32A8EC06A0042D9A5 /* Release */ = {
			isa = XCBuildConfiguration;
			buildSettings = {
				ASSETCATALOG_COMPILER_APPICON_NAME = AppIcon;
				ASSETCATALOG_COMPILER_GLOBAL_ACCENT_COLOR_NAME = AccentColor;
				CODE_SIGN_STYLE = Automatic;
				CURRENT_PROJECT_VERSION = 1;
				DEVELOPMENT_TEAM = T6TJTC922S;
				GENERATE_INFOPLIST_FILE = YES;
				INFOPLIST_FILE = RickAndMorty/Configuration/Info.plist;
				INFOPLIST_KEY_UIApplicationSupportsIndirectInputEvents = YES;
				INFOPLIST_KEY_UILaunchStoryboardName = LaunchScreen;
				INFOPLIST_KEY_UISupportedInterfaceOrientations = UIInterfaceOrientationPortrait;
				LD_RUNPATH_SEARCH_PATHS = (
					"$(inherited)",
					"@executable_path/Frameworks",
				);
				MARKETING_VERSION = 1.0;
				PRODUCT_BUNDLE_IDENTIFIER = GYM.RickAndMorty;
				PRODUCT_NAME = "$(TARGET_NAME)";
				SWIFT_EMIT_LOC_STRINGS = YES;
				SWIFT_VERSION = 5.0;
				TARGETED_DEVICE_FAMILY = "1,2";
			};
			name = Release;
		};
/* End XCBuildConfiguration section */

/* Begin XCConfigurationList section */
		CF4133982A8EC0690042D9A5 /* Build configuration list for PBXProject "RickAndMorty" */ = {
			isa = XCConfigurationList;
			buildConfigurations = (
				CF4133AF2A8EC06A0042D9A5 /* Debug */,
				CF4133B02A8EC06A0042D9A5 /* Release */,
			);
			defaultConfigurationIsVisible = 0;
			defaultConfigurationName = Release;
		};
		CF4133B12A8EC06A0042D9A5 /* Build configuration list for PBXNativeTarget "RickAndMorty" */ = {
			isa = XCConfigurationList;
			buildConfigurations = (
				CF4133B22A8EC06A0042D9A5 /* Debug */,
				CF4133B32A8EC06A0042D9A5 /* Release */,
			);
			defaultConfigurationIsVisible = 0;
			defaultConfigurationName = Release;
		};
/* End XCConfigurationList section */
	};
	rootObject = CF4133952A8EC0690042D9A5 /* Project object */;
}
